
Microsoft Visual Studio Solution File, Format Version 12.00
# Visual Studio Version 17
VisualStudioVersion = 17.14.36109.1
MinimumVisualStudioVersion = 10.0.40219.1
Project("{FAE04EC0-301F-11D3-BF4B-00C04F79EFBC}") = "Demo-OOP", "Demo-OOP\Demo-OOP.csproj", "{BF8296EA-412D-41B9-92A6-118FC51E396E}"
EndProject
Project("{FAE04EC0-301F-11D3-BF4B-00C04F79EFBC}") = "Lab-Modul6", "Lab-Modul6\Lab-Modul6.csproj", "{FE98C020-C5F9-4643-832E-FC769962AB68}"
EndProject
Project("{FAE04EC0-301F-11D3-BF4B-00C04F79EFBC}") = "Lab-Modul7", "Lab-Modul7\Lab-Modul7.csproj", "{413923AB-29EE-495A-905C-A4E3D9FCB287}"
EndProject
Project("{FAE04EC0-301F-11D3-BF4B-00C04F79EFBC}") = "Lab-Modul8", "Lab-Modul8\Lab-Modul8.csproj", "{6FCEA083-E5B7-46EB-97DC-E4E31B16CB25}"
EndProject
Global
	GlobalSection(SolutionConfigurationPlatforms) = preSolution
		Debug|Any CPU = Debug|Any CPU
		Release|Any CPU = Release|Any CPU
	EndGlobalSection
	GlobalSection(ProjectConfigurationPlatforms) = postSolution
		{BF8296EA-412D-41B9-92A6-118FC51E396E}.Debug|Any CPU.ActiveCfg = Debug|Any CPU
		{BF8296EA-412D-41B9-92A6-118FC51E396E}.Debug|Any CPU.Build.0 = Debug|Any CPU
		{BF8296EA-412D-41B9-92A6-118FC51E396E}.Release|Any CPU.ActiveCfg = Release|Any CPU
		{BF8296EA-412D-41B9-92A6-118FC51E396E}.Release|Any CPU.Build.0 = Release|Any CPU
		{FE98C020-C5F9-4643-832E-FC769962AB68}.Debug|Any CPU.ActiveCfg = Debug|Any CPU
		{FE98C020-C5F9-4643-832E-FC769962AB68}.Debug|Any CPU.Build.0 = Debug|Any CPU
		{FE98C020-C5F9-4643-832E-FC769962AB68}.Release|Any CPU.ActiveCfg = Release|Any CPU
		{FE98C020-C5F9-4643-832E-FC769962AB68}.Release|Any CPU.Build.0 = Release|Any CPU
		{413923AB-29EE-495A-905C-A4E3D9FCB287}.Debug|Any CPU.ActiveCfg = Debug|Any CPU
		{413923AB-29EE-495A-905C-A4E3D9FCB287}.Debug|Any CPU.Build.0 = Debug|Any CPU
		{413923AB-29EE-495A-905C-A4E3D9FCB287}.Release|Any CPU.ActiveCfg = Release|Any CPU
		{413923AB-29EE-495A-905C-A4E3D9FCB287}.Release|Any CPU.Build.0 = Release|Any CPU
		{6FCEA083-E5B7-46EB-97DC-E4E31B16CB25}.Debug|Any CPU.ActiveCfg = Debug|Any CPU
		{6FCEA083-E5B7-46EB-97DC-E4E31B16CB25}.Debug|Any CPU.Build.0 = Debug|Any CPU
		{6FCEA083-E5B7-46EB-97DC-E4E31B16CB25}.Release|Any CPU.ActiveCfg = Release|Any CPU
		{6FCEA083-E5B7-46EB-97DC-E4E31B16CB25}.Release|Any CPU.Build.0 = Release|Any CPU
	EndGlobalSection
	GlobalSection(SolutionProperties) = preSolution
		HideSolutionNode = FALSE
	EndGlobalSection
	GlobalSection(ExtensibilityGlobals) = postSolution
		SolutionGuid = {DF5415BA-DAFC-441E-A20C-3B9A94B6141D}
	EndGlobalSection
EndGlobal
