
Microsoft Visual Studio Solution File, Format Version 12.00
# Visual Studio Version 17
VisualStudioVersion = 17.14.36109.1 d17.14
MinimumVisualStudioVersion = 10.0.40219.1
Project("{FAE04EC0-301F-11D3-BF4B-00C04F79EFBC}") = "Demo-Tag3", "Demo-Tag3\Demo-Tag3.csproj", "{E475337C-7A28-4788-8390-CB6866B23592}"
EndProject
Project("{FAE04EC0-301F-11D3-BF4B-00C04F79EFBC}") = "CalculatorTestProject", "CalculatorTestProject\CalculatorTestProject.csproj", "{572E7CC8-6C85-40FA-94D8-54F5D9B7EDD3}"
EndProject
Global
	GlobalSection(SolutionConfigurationPlatforms) = preSolution
		Debug|Any CPU = Debug|Any CPU
		Release|Any CPU = Release|Any CPU
	EndGlobalSection
	GlobalSection(ProjectConfigurationPlatforms) = postSolution
		{E475337C-7A28-4788-8390-CB6866B23592}.Debug|Any CPU.ActiveCfg = Debug|Any CPU
		{E475337C-7A28-4788-8390-CB6866B23592}.Debug|Any CPU.Build.0 = Debug|Any CPU
		{E475337C-7A28-4788-8390-CB6866B23592}.Release|Any CPU.ActiveCfg = Release|Any CPU
		{E475337C-7A28-4788-8390-CB6866B23592}.Release|Any CPU.Build.0 = Release|Any CPU
		{572E7CC8-6C85-40FA-94D8-54F5D9B7EDD3}.Debug|Any CPU.ActiveCfg = Debug|Any CPU
		{572E7CC8-6C85-40FA-94D8-54F5D9B7EDD3}.Debug|Any CPU.Build.0 = Debug|Any CPU
		{572E7CC8-6C85-40FA-94D8-54F5D9B7EDD3}.Release|Any CPU.ActiveCfg = Release|Any CPU
		{572E7CC8-6C85-40FA-94D8-54F5D9B7EDD3}.Release|Any CPU.Build.0 = Release|Any CPU
	EndGlobalSection
	GlobalSection(SolutionProperties) = preSolution
		HideSolutionNode = FALSE
	EndGlobalSection
	GlobalSection(ExtensibilityGlobals) = postSolution
		SolutionGuid = {D957B72A-B356-40C3-AC2F-63588677C5F7}
	EndGlobalSection
EndGlobal
